
Microsoft Visual Studio Solution File, Format Version 12.00
# Visual Studio Version 17
VisualStudioVersion = 17.3.32804.467
MinimumVisualStudioVersion = 10.0.40219.1
Project("{FAE04EC0-301F-11D3-BF4B-00C04F79EFBC}") = "Presentacion", "Presentacion.csproj", "{A825CFF1-3023-40F8-8BBC-5257772BD4C4}"
EndProject
Project("{FAE04EC0-301F-11D3-BF4B-00C04F79EFBC}") = "Entidades", "..\Entidades\Entidades.csproj", "{EFEF7A04-9438-442A-92A1-E054A189EC10}"
EndProject
Project("{FAE04EC0-301F-11D3-BF4B-00C04F79EFBC}") = "DAO", "..\DAO\DAO.csproj", "{7420EBBE-B7C5-4C29-B9DF-7072AB5DAAE3}"
EndProject
Project("{FAE04EC0-301F-11D3-BF4B-00C04F79EFBC}") = "Negocio", "..\Negocio\Negocio.csproj", "{E6D0CBDC-8D8F-4D89-BD29-477A6E6C6113}"
EndProject
Global
	GlobalSection(SolutionConfigurationPlatforms) = preSolution
		Debug|Any CPU = Debug|Any CPU
		Release|Any CPU = Release|Any CPU
	EndGlobalSection
	GlobalSection(ProjectConfigurationPlatforms) = postSolution
		{A825CFF1-3023-40F8-8BBC-5257772BD4C4}.Debug|Any CPU.ActiveCfg = Debug|Any CPU
		{A825CFF1-3023-40F8-8BBC-5257772BD4C4}.Debug|Any CPU.Build.0 = Debug|Any CPU
		{A825CFF1-3023-40F8-8BBC-5257772BD4C4}.Release|Any CPU.ActiveCfg = Release|Any CPU
		{A825CFF1-3023-40F8-8BBC-5257772BD4C4}.Release|Any CPU.Build.0 = Release|Any CPU
		{EFEF7A04-9438-442A-92A1-E054A189EC10}.Debug|Any CPU.ActiveCfg = Debug|Any CPU
		{EFEF7A04-9438-442A-92A1-E054A189EC10}.Debug|Any CPU.Build.0 = Debug|Any CPU
		{EFEF7A04-9438-442A-92A1-E054A189EC10}.Release|Any CPU.ActiveCfg = Release|Any CPU
		{EFEF7A04-9438-442A-92A1-E054A189EC10}.Release|Any CPU.Build.0 = Release|Any CPU
		{7420EBBE-B7C5-4C29-B9DF-7072AB5DAAE3}.Debug|Any CPU.ActiveCfg = Debug|Any CPU
		{7420EBBE-B7C5-4C29-B9DF-7072AB5DAAE3}.Debug|Any CPU.Build.0 = Debug|Any CPU
		{7420EBBE-B7C5-4C29-B9DF-7072AB5DAAE3}.Release|Any CPU.ActiveCfg = Release|Any CPU
		{7420EBBE-B7C5-4C29-B9DF-7072AB5DAAE3}.Release|Any CPU.Build.0 = Release|Any CPU
		{E6D0CBDC-8D8F-4D89-BD29-477A6E6C6113}.Debug|Any CPU.ActiveCfg = Debug|Any CPU
		{E6D0CBDC-8D8F-4D89-BD29-477A6E6C6113}.Debug|Any CPU.Build.0 = Debug|Any CPU
		{E6D0CBDC-8D8F-4D89-BD29-477A6E6C6113}.Release|Any CPU.ActiveCfg = Release|Any CPU
		{E6D0CBDC-8D8F-4D89-BD29-477A6E6C6113}.Release|Any CPU.Build.0 = Release|Any CPU
	EndGlobalSection
	GlobalSection(SolutionProperties) = preSolution
		HideSolutionNode = FALSE
	EndGlobalSection
	GlobalSection(ExtensibilityGlobals) = postSolution
		SolutionGuid = {2C046BC8-F27C-40AC-8B3D-196C5C09B257}
	EndGlobalSection
EndGlobal
